// !$*UTF8*$!
{
	archiveVersion = 1;
	classes = {
	};
	objectVersion = 50;
	objects = {

/* Begin PBXBuildFile section */
		C6053E12255A3C5400DE60E6 /* main.cpp in Sources */ = {isa = PBXBuildFile; fileRef = C6053E11255A3C5400DE60E6 /* main.cpp */; };
		C6053E1A255B78DA00DE60E6 /* Card.cpp in Sources */ = {isa = PBXBuildFile; fileRef = C6053E19255B78DA00DE60E6 /* Card.cpp */; };
		C6053E1D255B7A8F00DE60E6 /* Deck.cpp in Sources */ = {isa = PBXBuildFile; fileRef = C6053E1B255B7A8F00DE60E6 /* Deck.cpp */; };
		C6053E20255B7FE300DE60E6 /* player.cpp in Sources */ = {isa = PBXBuildFile; fileRef = C6053E1E255B7FE300DE60E6 /* player.cpp */; };
		C698433C2566D65C009E6040 /* dealer.cpp in Sources */ = {isa = PBXBuildFile; fileRef = C698433A2566D65C009E6040 /* dealer.cpp */; };
		C698433F2566D8D3009E6040 /* handData.cpp in Sources */ = {isa = PBXBuildFile; fileRef = C698433D2566D8D3009E6040 /* handData.cpp */; };
/* End PBXBuildFile section */

/* Begin PBXCopyFilesBuildPhase section */
		C6053E0C255A3C5400DE60E6 /* CopyFiles */ = {
			isa = PBXCopyFilesBuildPhase;
			buildActionMask = 2147483647;
			dstPath = /usr/share/man/man1/;
			dstSubfolderSpec = 0;
			files = (
			);
			runOnlyForDeploymentPostprocessing = 1;
		};
/* End PBXCopyFilesBuildPhase section */

/* Begin PBXFileReference section */
		C6053E0E255A3C5400DE60E6 /* poker */ = {isa = PBXFileReference; explicitFileType = "compiled.mach-o.executable"; includeInIndex = 0; path = poker; sourceTree = BUILT_PRODUCTS_DIR; };
		C6053E11255A3C5400DE60E6 /* main.cpp */ = {isa = PBXFileReference; lastKnownFileType = sourcecode.cpp.cpp; path = main.cpp; sourceTree = "<group>"; };
		C6053E18255B787400DE60E6 /* Card.h */ = {isa = PBXFileReference; lastKnownFileType = sourcecode.c.h; path = Card.h; sourceTree = "<group>"; };
		C6053E19255B78DA00DE60E6 /* Card.cpp */ = {isa = PBXFileReference; lastKnownFileType = sourcecode.cpp.cpp; path = Card.cpp; sourceTree = "<group>"; };
		C6053E1B255B7A8F00DE60E6 /* Deck.cpp */ = {isa = PBXFileReference; lastKnownFileType = sourcecode.cpp.cpp; path = Deck.cpp; sourceTree = "<group>"; };
		C6053E1C255B7A8F00DE60E6 /* Deck.hpp */ = {isa = PBXFileReference; lastKnownFileType = sourcecode.cpp.h; path = Deck.hpp; sourceTree = "<group>"; };
		C6053E1E255B7FE300DE60E6 /* player.cpp */ = {isa = PBXFileReference; lastKnownFileType = sourcecode.cpp.cpp; path = player.cpp; sourceTree = "<group>"; };
		C6053E1F255B7FE300DE60E6 /* player.hpp */ = {isa = PBXFileReference; lastKnownFileType = sourcecode.cpp.h; path = player.hpp; sourceTree = "<group>"; };
		C698433A2566D65C009E6040 /* dealer.cpp */ = {isa = PBXFileReference; lastKnownFileType = sourcecode.cpp.cpp; path = dealer.cpp; sourceTree = "<group>"; };
		C698433B2566D65C009E6040 /* dealer.hpp */ = {isa = PBXFileReference; lastKnownFileType = sourcecode.cpp.h; path = dealer.hpp; sourceTree = "<group>"; };
		C698433D2566D8D3009E6040 /* handData.cpp */ = {isa = PBXFileReference; lastKnownFileType = sourcecode.cpp.cpp; path = handData.cpp; sourceTree = "<group>"; };
		C698433E2566D8D3009E6040 /* handData.hpp */ = {isa = PBXFileReference; lastKnownFileType = sourcecode.cpp.h; path = handData.hpp; sourceTree = "<group>"; };
/* End PBXFileReference section */

/* Begin PBXFrameworksBuildPhase section */
		C6053E0B255A3C5400DE60E6 /* Frameworks */ = {
			isa = PBXFrameworksBuildPhase;
			buildActionMask = 2147483647;
			files = (
			);
			runOnlyForDeploymentPostprocessing = 0;
		};
/* End PBXFrameworksBuildPhase section */

/* Begin PBXGroup section */
		C6053E05255A3C5400DE60E6 = {
			isa = PBXGroup;
			children = (
				C698433D2566D8D3009E6040 /* handData.cpp */,
				C698433E2566D8D3009E6040 /* handData.hpp */,
				C698433A2566D65C009E6040 /* dealer.cpp */,
				C698433B2566D65C009E6040 /* dealer.hpp */,
				C6053E1E255B7FE300DE60E6 /* player.cpp */,
				C6053E1F255B7FE300DE60E6 /* player.hpp */,
				C6053E1B255B7A8F00DE60E6 /* Deck.cpp */,
				C6053E1C255B7A8F00DE60E6 /* Deck.hpp */,
				C6053E18255B787400DE60E6 /* Card.h */,
				C6053E19255B78DA00DE60E6 /* Card.cpp */,
				C6053E10255A3C5400DE60E6 /* poker */,
				C6053E0F255A3C5400DE60E6 /* Products */,
			);
			sourceTree = "<group>";
		};
		C6053E0F255A3C5400DE60E6 /* Products */ = {
			isa = PBXGroup;
			children = (
				C6053E0E255A3C5400DE60E6 /* poker */,
			);
			name = Products;
			sourceTree = "<group>";
		};
		C6053E10255A3C5400DE60E6 /* poker */ = {
			isa = PBXGroup;
			children = (
				C6053E11255A3C5400DE60E6 /* main.cpp */,
			);
			path = poker;
			sourceTree = "<group>";
		};
/* End PBXGroup section */

/* Begin PBXNativeTarget section */
		C6053E0D255A3C5400DE60E6 /* poker */ = {
			isa = PBXNativeTarget;
			buildConfigurationList = C6053E15255A3C5400DE60E6 /* Build configuration list for PBXNativeTarget "poker" */;
			buildPhases = (
				C6053E0A255A3C5400DE60E6 /* Sources */,
				C6053E0B255A3C5400DE60E6 /* Frameworks */,
				C6053E0C255A3C5400DE60E6 /* CopyFiles */,
			);
			buildRules = (
			);
			dependencies = (
			);
			name = poker;
			productName = poker;
			productReference = C6053E0E255A3C5400DE60E6 /* poker */;
			productType = "com.apple.product-type.tool";
		};
/* End PBXNativeTarget section */

/* Begin PBXProject section */
		C6053E06255A3C5400DE60E6 /* Project object */ = {
			isa = PBXProject;
			attributes = {
				LastUpgradeCheck = 1010;
				ORGANIZATIONNAME = Vivek;
				TargetAttributes = {
					C6053E0D255A3C5400DE60E6 = {
						CreatedOnToolsVersion = 10.1;
					};
				};
			};
			buildConfigurationList = C6053E09255A3C5400DE60E6 /* Build configuration list for PBXProject "poker" */;
			compatibilityVersion = "Xcode 9.3";
			developmentRegion = en;
			hasScannedForEncodings = 0;
			knownRegions = (
				en,
			);
			mainGroup = C6053E05255A3C5400DE60E6;
			productRefGroup = C6053E0F255A3C5400DE60E6 /* Products */;
			projectDirPath = "";
			projectRoot = "";
			targets = (
				C6053E0D255A3C5400DE60E6 /* poker */,
			);
		};
/* End PBXProject section */

/* Begin PBXSourcesBuildPhase section */
		C6053E0A255A3C5400DE60E6 /* Sources */ = {
			isa = PBXSourcesBuildPhase;
			buildActionMask = 2147483647;
			files = (
				C6053E20255B7FE300DE60E6 /* player.cpp in Sources */,
				C6053E1D255B7A8F00DE60E6 /* Deck.cpp in Sources */,
				C698433F2566D8D3009E6040 /* handData.cpp in Sources */,
				C6053E12255A3C5400DE60E6 /* main.cpp in Sources */,
				C6053E1A255B78DA00DE60E6 /* Card.cpp in Sources */,
				C698433C2566D65C009E6040 /* dealer.cpp in Sources */,
			);
			runOnlyForDeploymentPostprocessing = 0;
		};
/* End PBXSourcesBuildPhase section */

/* Begin XCBuildConfiguration section */
		C6053E13255A3C5400DE60E6 /* Debug */ = {
			isa = XCBuildConfiguration;
			buildSettings = {
				ALWAYS_SEARCH_USER_PATHS = NO;
				CLANG_ANALYZER_NONNULL = YES;
				CLANG_ANALYZER_NUMBER_OBJECT_CONVERSION = YES_AGGRESSIVE;
				CLANG_CXX_LANGUAGE_STANDARD = "gnu++14";
				CLANG_CXX_LIBRARY = "libc++";
				CLANG_ENABLE_MODULES = YES;
				CLANG_ENABLE_OBJC_ARC = YES;
				CLANG_ENABLE_OBJC_WEAK = YES;
				CLANG_WARN_BLOCK_CAPTURE_AUTORELEASING = YES;
				CLANG_WARN_BOOL_CONVERSION = YES;
				CLANG_WARN_COMMA = YES;
				CLANG_WARN_CONSTANT_CONVERSION = YES;
				CLANG_WARN_DEPRECATED_OBJC_IMPLEMENTATIONS = YES;
				CLANG_WARN_DIRECT_OBJC_ISA_USAGE = YES_ERROR;
				CLANG_WARN_DOCUMENTATION_COMMENTS = YES;
				CLANG_WARN_EMPTY_BODY = YES;
				CLANG_WARN_ENUM_CONVERSION = YES;
				CLANG_WARN_INFINITE_RECURSION = YES;
				CLANG_WARN_INT_CONVERSION = YES;
				CLANG_WARN_NON_LITERAL_NULL_CONVERSION = YES;
				CLANG_WARN_OBJC_IMPLICIT_RETAIN_SELF = YES;
				CLANG_WARN_OBJC_LITERAL_CONVERSION = YES;
				CLANG_WARN_OBJC_ROOT_CLASS = YES_ERROR;
				CLANG_WARN_RANGE_LOOP_ANALYSIS = YES;
				CLANG_WARN_STRICT_PROTOTYPES = YES;
				CLANG_WARN_SUSPICIOUS_MOVE = YES;
				CLANG_WARN_UNGUARDED_AVAILABILITY = YES_AGGRESSIVE;
				CLANG_WARN_UNREACHABLE_CODE = YES;
				CLANG_WARN__DUPLICATE_METHOD_MATCH = YES;
				CODE_SIGN_IDENTITY = "-";
				COPY_PHASE_STRIP = NO;
				DEBUG_INFORMATION_FORMAT = dwarf;
				ENABLE_STRICT_OBJC_MSGSEND = YES;
				ENABLE_TESTABILITY = YES;
				GCC_C_LANGUAGE_STANDARD = gnu11;
				GCC_DYNAMIC_NO_PIC = NO;
				GCC_NO_COMMON_BLOCKS = YES;
				GCC_OPTIMIZATION_LEVEL = 0;
				GCC_PREPROCESSOR_DEFINITIONS = (
					"DEBUG=1",
					"$(inherited)",
				);
				GCC_WARN_64_TO_32_BIT_CONVERSION = YES;
				GCC_WARN_ABOUT_RETURN_TYPE = YES_ERROR;
				GCC_WARN_UNDECLARED_SELECTOR = YES;
				GCC_WARN_UNINITIALIZED_AUTOS = YES_AGGRESSIVE;
				GCC_WARN_UNUSED_FUNCTION = YES;
				GCC_WARN_UNUSED_VARIABLE = YES;
				MACOSX_DEPLOYMENT_TARGET = 10.13;
				MTL_ENABLE_DEBUG_INFO = INCLUDE_SOURCE;
				MTL_FAST_MATH = YES;
				ONLY_ACTIVE_ARCH = YES;
				SDKROOT = macosx;
			};
			name = Debug;
		};
		C6053E14255A3C5400DE60E6 /* Release */ = {
			isa = XCBuildConfiguration;
			buildSettings = {
				ALWAYS_SEARCH_USER_PATHS = NO;
				CLANG_ANALYZER_NONNULL = YES;
				CLANG_ANALYZER_NUMBER_OBJECT_CONVERSION = YES_AGGRESSIVE;
				CLANG_CXX_LANGUAGE_STANDARD = "gnu++14";
				CLANG_CXX_LIBRARY = "libc++";
				CLANG_ENABLE_MODULES = YES;
				CLANG_ENABLE_OBJC_ARC = YES;
				CLANG_ENABLE_OBJC_WEAK = YES;
				CLANG_WARN_BLOCK_CAPTURE_AUTORELEASING = YES;
				CLANG_WARN_BOOL_CONVERSION = YES;
				CLANG_WARN_COMMA = YES;
				CLANG_WARN_CONSTANT_CONVERSION = YES;
				CLANG_WARN_DEPRECATED_OBJC_IMPLEMENTATIONS = YES;
				CLANG_WARN_DIRECT_OBJC_ISA_USAGE = YES_ERROR;
				CLANG_WARN_DOCUMENTATION_COMMENTS = YES;
				CLANG_WARN_EMPTY_BODY = YES;
				CLANG_WARN_ENUM_CONVERSION = YES;
				CLANG_WARN_INFINITE_RECURSION = YES;
				CLANG_WARN_INT_CONVERSION = YES;
				CLANG_WARN_NON_LITERAL_NULL_CONVERSION = YES;
				CLANG_WARN_OBJC_IMPLICIT_RETAIN_SELF = YES;
				CLANG_WARN_OBJC_LITERAL_CONVERSION = YES;
				CLANG_WARN_OBJC_ROOT_CLASS = YES_ERROR;
				CLANG_WARN_RANGE_LOOP_ANALYSIS = YES;
				CLANG_WARN_STRICT_PROTOTYPES = YES;
				CLANG_WARN_SUSPICIOUS_MOVE = YES;
				CLANG_WARN_UNGUARDED_AVAILABILITY = YES_AGGRESSIVE;
				CLANG_WARN_UNREACHABLE_CODE = YES;
				CLANG_WARN__DUPLICATE_METHOD_MATCH = YES;
				CODE_SIGN_IDENTITY = "-";
				COPY_PHASE_STRIP = NO;
				DEBUG_INFORMATION_FORMAT = "dwarf-with-dsym";
				ENABLE_NS_ASSERTIONS = NO;
				ENABLE_STRICT_OBJC_MSGSEND = YES;
				GCC_C_LANGUAGE_STANDARD = gnu11;
				GCC_NO_COMMON_BLOCKS = YES;
				GCC_WARN_64_TO_32_BIT_CONVERSION = YES;
				GCC_WARN_ABOUT_RETURN_TYPE = YES_ERROR;
				GCC_WARN_UNDECLARED_SELECTOR = YES;
				GCC_WARN_UNINITIALIZED_AUTOS = YES_AGGRESSIVE;
				GCC_WARN_UNUSED_FUNCTION = YES;
				GCC_WARN_UNUSED_VARIABLE = YES;
				MACOSX_DEPLOYMENT_TARGET = 10.13;
				MTL_ENABLE_DEBUG_INFO = NO;
				MTL_FAST_MATH = YES;
				SDKROOT = macosx;
			};
			name = Release;
		};
		C6053E16255A3C5400DE60E6 /* Debug */ = {
			isa = XCBuildConfiguration;
			buildSettings = {
				CODE_SIGN_STYLE = Automatic;
				PRODUCT_NAME = "$(TARGET_NAME)";
			};
			name = Debug;
		};
		C6053E17255A3C5400DE60E6 /* Release */ = {
			isa = XCBuildConfiguration;
			buildSettings = {
				CODE_SIGN_STYLE = Automatic;
				PRODUCT_NAME = "$(TARGET_NAME)";
			};
			name = Release;
		};
/* End XCBuildConfiguration section */

/* Begin XCConfigurationList section */
		C6053E09255A3C5400DE60E6 /* Build configuration list for PBXProject "poker" */ = {
			isa = XCConfigurationList;
			buildConfigurations = (
				C6053E13255A3C5400DE60E6 /* Debug */,
				C6053E14255A3C5400DE60E6 /* Release */,
			);
			defaultConfigurationIsVisible = 0;
			defaultConfigurationName = Release;
		};
		C6053E15255A3C5400DE60E6 /* Build configuration list for PBXNativeTarget "poker" */ = {
			isa = XCConfigurationList;
			buildConfigurations = (
				C6053E16255A3C5400DE60E6 /* Debug */,
				C6053E17255A3C5400DE60E6 /* Release */,
			);
			defaultConfigurationIsVisible = 0;
			defaultConfigurationName = Release;
		};
/* End XCConfigurationList section */
	};
	rootObject = C6053E06255A3C5400DE60E6 /* Project object */;
}
